// !$*UTF8*$!
{
	archiveVersion = 1;
	classes = {
	};
	objectVersion = 50;
	objects = {

/* Begin PBXBuildFile section */
		3AAFFF9B25B3D2C400D317F3 /* AppDelegate.swift in Sources */ = {isa = PBXBuildFile; fileRef = 3AAFFF9A25B3D2C400D317F3 /* AppDelegate.swift */; };
		3AAFFF9D25B3D2C400D317F3 /* SceneDelegate.swift in Sources */ = {isa = PBXBuildFile; fileRef = 3AAFFF9C25B3D2C400D317F3 /* SceneDelegate.swift */; };
		3AAFFF9F25B3D2C400D317F3 /* ViewController.swift in Sources */ = {isa = PBXBuildFile; fileRef = 3AAFFF9E25B3D2C400D317F3 /* ViewController.swift */; };
		3AAFFFA225B3D2C400D317F3 /* Main.storyboard in Resources */ = {isa = PBXBuildFile; fileRef = 3AAFFFA025B3D2C400D317F3 /* Main.storyboard */; };
		3AAFFFA425B3D2C900D317F3 /* Assets.xcassets in Resources */ = {isa = PBXBuildFile; fileRef = 3AAFFFA325B3D2C900D317F3 /* Assets.xcassets */; };
		3AAFFFA725B3D2C900D317F3 /* LaunchScreen.storyboard in Resources */ = {isa = PBXBuildFile; fileRef = 3AAFFFA525B3D2C900D317F3 /* LaunchScreen.storyboard */; };
		3AAFFFB225B3D2C900D317F3 /* FidelityTests.swift in Sources */ = {isa = PBXBuildFile; fileRef = 3AAFFFB125B3D2C900D317F3 /* FidelityTests.swift */; };
		3AAFFFBD25B3D2C900D317F3 /* FidelityUITests.swift in Sources */ = {isa = PBXBuildFile; fileRef = 3AAFFFBC25B3D2C900D317F3 /* FidelityUITests.swift */; };
/* End PBXBuildFile section */

/* Begin PBXContainerItemProxy section */
		3AAFFFAE25B3D2C900D317F3 /* PBXContainerItemProxy */ = {
			isa = PBXContainerItemProxy;
			containerPortal = 3AAFFF8F25B3D2C400D317F3 /* Project object */;
			proxyType = 1;
			remoteGlobalIDString = 3AAFFF9625B3D2C400D317F3;
			remoteInfo = Fidelity;
		};
		3AAFFFB925B3D2C900D317F3 /* PBXContainerItemProxy */ = {
			isa = PBXContainerItemProxy;
			containerPortal = 3AAFFF8F25B3D2C400D317F3 /* Project object */;
			proxyType = 1;
			remoteGlobalIDString = 3AAFFF9625B3D2C400D317F3;
			remoteInfo = Fidelity;
		};
/* End PBXContainerItemProxy section */

/* Begin PBXFileReference section */
		3AAFFF9725B3D2C400D317F3 /* Fidelity.app */ = {isa = PBXFileReference; explicitFileType = wrapper.application; includeInIndex = 0; path = Fidelity.app; sourceTree = BUILT_PRODUCTS_DIR; };
		3AAFFF9A25B3D2C400D317F3 /* AppDelegate.swift */ = {isa = PBXFileReference; lastKnownFileType = sourcecode.swift; path = AppDelegate.swift; sourceTree = "<group>"; };
		3AAFFF9C25B3D2C400D317F3 /* SceneDelegate.swift */ = {isa = PBXFileReference; lastKnownFileType = sourcecode.swift; path = SceneDelegate.swift; sourceTree = "<group>"; };
		3AAFFF9E25B3D2C400D317F3 /* ViewController.swift */ = {isa = PBXFileReference; lastKnownFileType = sourcecode.swift; path = ViewController.swift; sourceTree = "<group>"; };
		3AAFFFA125B3D2C400D317F3 /* Base */ = {isa = PBXFileReference; lastKnownFileType = file.storyboard; name = Base; path = Base.lproj/Main.storyboard; sourceTree = "<group>"; };
		3AAFFFA325B3D2C900D317F3 /* Assets.xcassets */ = {isa = PBXFileReference; lastKnownFileType = folder.assetcatalog; path = Assets.xcassets; sourceTree = "<group>"; };
		3AAFFFA625B3D2C900D317F3 /* Base */ = {isa = PBXFileReference; lastKnownFileType = file.storyboard; name = Base; path = Base.lproj/LaunchScreen.storyboard; sourceTree = "<group>"; };
		3AAFFFA825B3D2C900D317F3 /* Info.plist */ = {isa = PBXFileReference; lastKnownFileType = text.plist.xml; path = Info.plist; sourceTree = "<group>"; };
		3AAFFFAD25B3D2C900D317F3 /* FidelityTests.xctest */ = {isa = PBXFileReference; explicitFileType = wrapper.cfbundle; includeInIndex = 0; path = FidelityTests.xctest; sourceTree = BUILT_PRODUCTS_DIR; };
		3AAFFFB125B3D2C900D317F3 /* FidelityTests.swift */ = {isa = PBXFileReference; lastKnownFileType = sourcecode.swift; path = FidelityTests.swift; sourceTree = "<group>"; };
		3AAFFFB325B3D2C900D317F3 /* Info.plist */ = {isa = PBXFileReference; lastKnownFileType = text.plist.xml; path = Info.plist; sourceTree = "<group>"; };
		3AAFFFB825B3D2C900D317F3 /* FidelityUITests.xctest */ = {isa = PBXFileReference; explicitFileType = wrapper.cfbundle; includeInIndex = 0; path = FidelityUITests.xctest; sourceTree = BUILT_PRODUCTS_DIR; };
		3AAFFFBC25B3D2C900D317F3 /* FidelityUITests.swift */ = {isa = PBXFileReference; lastKnownFileType = sourcecode.swift; path = FidelityUITests.swift; sourceTree = "<group>"; };
		3AAFFFBE25B3D2C900D317F3 /* Info.plist */ = {isa = PBXFileReference; lastKnownFileType = text.plist.xml; path = Info.plist; sourceTree = "<group>"; };
/* End PBXFileReference section */

/* Begin PBXFrameworksBuildPhase section */
		3AAFFF9425B3D2C400D317F3 /* Frameworks */ = {
			isa = PBXFrameworksBuildPhase;
			buildActionMask = 2147483647;
			files = (
			);
			runOnlyForDeploymentPostprocessing = 0;
		};
		3AAFFFAA25B3D2C900D317F3 /* Frameworks */ = {
			isa = PBXFrameworksBuildPhase;
			buildActionMask = 2147483647;
			files = (
			);
			runOnlyForDeploymentPostprocessing = 0;
		};
		3AAFFFB525B3D2C900D317F3 /* Frameworks */ = {
			isa = PBXFrameworksBuildPhase;
			buildActionMask = 2147483647;
			files = (
			);
			runOnlyForDeploymentPostprocessing = 0;
		};
/* End PBXFrameworksBuildPhase section */

/* Begin PBXGroup section */
		3AAFFF8E25B3D2C400D317F3 = {
			isa = PBXGroup;
			children = (
				3AAFFF9925B3D2C400D317F3 /* Fidelity */,
				3AAFFFB025B3D2C900D317F3 /* FidelityTests */,
				3AAFFFBB25B3D2C900D317F3 /* FidelityUITests */,
				3AAFFF9825B3D2C400D317F3 /* Products */,
			);
			sourceTree = "<group>";
		};
		3AAFFF9825B3D2C400D317F3 /* Products */ = {
			isa = PBXGroup;
			children = (
				3AAFFF9725B3D2C400D317F3 /* Fidelity.app */,
				3AAFFFAD25B3D2C900D317F3 /* FidelityTests.xctest */,
				3AAFFFB825B3D2C900D317F3 /* FidelityUITests.xctest */,
			);
			name = Products;
			sourceTree = "<group>";
		};
		3AAFFF9925B3D2C400D317F3 /* Fidelity */ = {
			isa = PBXGroup;
			children = (
				3AAFFF9A25B3D2C400D317F3 /* AppDelegate.swift */,
				3AAFFF9C25B3D2C400D317F3 /* SceneDelegate.swift */,
				3AAFFF9E25B3D2C400D317F3 /* ViewController.swift */,
				3AAFFFA025B3D2C400D317F3 /* Main.storyboard */,
				3AAFFFA325B3D2C900D317F3 /* Assets.xcassets */,
				3AAFFFA525B3D2C900D317F3 /* LaunchScreen.storyboard */,
				3AAFFFA825B3D2C900D317F3 /* Info.plist */,
			);
			path = Fidelity;
			sourceTree = "<group>";
		};
		3AAFFFB025B3D2C900D317F3 /* FidelityTests */ = {
			isa = PBXGroup;
			children = (
				3AAFFFB125B3D2C900D317F3 /* FidelityTests.swift */,
				3AAFFFB325B3D2C900D317F3 /* Info.plist */,
			);
			path = FidelityTests;
			sourceTree = "<group>";
		};
		3AAFFFBB25B3D2C900D317F3 /* FidelityUITests */ = {
			isa = PBXGroup;
			children = (
				3AAFFFBC25B3D2C900D317F3 /* FidelityUITests.swift */,
				3AAFFFBE25B3D2C900D317F3 /* Info.plist */,
			);
			path = FidelityUITests;
			sourceTree = "<group>";
		};
/* End PBXGroup section */

/* Begin PBXNativeTarget section */
		3AAFFF9625B3D2C400D317F3 /* Fidelity */ = {
			isa = PBXNativeTarget;
			buildConfigurationList = 3AAFFFC125B3D2C900D317F3 /* Build configuration list for PBXNativeTarget "Fidelity" */;
			buildPhases = (
				3AAFFF9325B3D2C400D317F3 /* Sources */,
				3AAFFF9425B3D2C400D317F3 /* Frameworks */,
				3AAFFF9525B3D2C400D317F3 /* Resources */,
			);
			buildRules = (
			);
			dependencies = (
			);
			name = Fidelity;
			productName = Fidelity;
			productReference = 3AAFFF9725B3D2C400D317F3 /* Fidelity.app */;
			productType = "com.apple.product-type.application";
		};
		3AAFFFAC25B3D2C900D317F3 /* FidelityTests */ = {
			isa = PBXNativeTarget;
			buildConfigurationList = 3AAFFFC425B3D2C900D317F3 /* Build configuration list for PBXNativeTarget "FidelityTests" */;
			buildPhases = (
				3AAFFFA925B3D2C900D317F3 /* Sources */,
				3AAFFFAA25B3D2C900D317F3 /* Frameworks */,
				3AAFFFAB25B3D2C900D317F3 /* Resources */,
			);
			buildRules = (
			);
			dependencies = (
				3AAFFFAF25B3D2C900D317F3 /* PBXTargetDependency */,
			);
			name = FidelityTests;
			productName = FidelityTests;
			productReference = 3AAFFFAD25B3D2C900D317F3 /* FidelityTests.xctest */;
			productType = "com.apple.product-type.bundle.unit-test";
		};
		3AAFFFB725B3D2C900D317F3 /* FidelityUITests */ = {
			isa = PBXNativeTarget;
			buildConfigurationList = 3AAFFFC725B3D2C900D317F3 /* Build configuration list for PBXNativeTarget "FidelityUITests" */;
			buildPhases = (
				3AAFFFB425B3D2C900D317F3 /* Sources */,
				3AAFFFB525B3D2C900D317F3 /* Frameworks */,
				3AAFFFB625B3D2C900D317F3 /* Resources */,
			);
			buildRules = (
			);
			dependencies = (
				3AAFFFBA25B3D2C900D317F3 /* PBXTargetDependency */,
			);
			name = FidelityUITests;
			productName = FidelityUITests;
			productReference = 3AAFFFB825B3D2C900D317F3 /* FidelityUITests.xctest */;
			productType = "com.apple.product-type.bundle.ui-testing";
		};
/* End PBXNativeTarget section */

/* Begin PBXProject section */
		3AAFFF8F25B3D2C400D317F3 /* Project object */ = {
			isa = PBXProject;
			attributes = {
				LastSwiftUpdateCheck = 1230;
				LastUpgradeCheck = 1230;
				TargetAttributes = {
					3AAFFF9625B3D2C400D317F3 = {
						CreatedOnToolsVersion = 12.3;
					};
					3AAFFFAC25B3D2C900D317F3 = {
						CreatedOnToolsVersion = 12.3;
						TestTargetID = 3AAFFF9625B3D2C400D317F3;
					};
					3AAFFFB725B3D2C900D317F3 = {
						CreatedOnToolsVersion = 12.3;
						TestTargetID = 3AAFFF9625B3D2C400D317F3;
					};
				};
			};
			buildConfigurationList = 3AAFFF9225B3D2C400D317F3 /* Build configuration list for PBXProject "Fidelity" */;
			compatibilityVersion = "Xcode 9.3";
			developmentRegion = en;
			hasScannedForEncodings = 0;
			knownRegions = (
				en,
				Base,
			);
			mainGroup = 3AAFFF8E25B3D2C400D317F3;
			productRefGroup = 3AAFFF9825B3D2C400D317F3 /* Products */;
			projectDirPath = "";
			projectRoot = "";
			targets = (
				3AAFFF9625B3D2C400D317F3 /* Fidelity */,
				3AAFFFAC25B3D2C900D317F3 /* FidelityTests */,
				3AAFFFB725B3D2C900D317F3 /* FidelityUITests */,
			);
		};
/* End PBXProject section */

/* Begin PBXResourcesBuildPhase section */
		3AAFFF9525B3D2C400D317F3 /* Resources */ = {
			isa = PBXResourcesBuildPhase;
			buildActionMask = 2147483647;
			files = (
				3AAFFFA725B3D2C900D317F3 /* LaunchScreen.storyboard in Resources */,
				3AAFFFA425B3D2C900D317F3 /* Assets.xcassets in Resources */,
				3AAFFFA225B3D2C400D317F3 /* Main.storyboard in Resources */,
			);
			runOnlyForDeploymentPostprocessing = 0;
		};
		3AAFFFAB25B3D2C900D317F3 /* Resources */ = {
			isa = PBXResourcesBuildPhase;
			buildActionMask = 2147483647;
			files = (
			);
			runOnlyForDeploymentPostprocessing = 0;
		};
		3AAFFFB625B3D2C900D317F3 /* Resources */ = {
			isa = PBXResourcesBuildPhase;
			buildActionMask = 2147483647;
			files = (
			);
			runOnlyForDeploymentPostprocessing = 0;
		};
/* End PBXResourcesBuildPhase section */

/* Begin PBXSourcesBuildPhase section */
		3AAFFF9325B3D2C400D317F3 /* Sources */ = {
			isa = PBXSourcesBuildPhase;
			buildActionMask = 2147483647;
			files = (
				3AAFFF9F25B3D2C400D317F3 /* ViewController.swift in Sources */,
				3AAFFF9B25B3D2C400D317F3 /* AppDelegate.swift in Sources */,
				3AAFFF9D25B3D2C400D317F3 /* SceneDelegate.swift in Sources */,
			);
			runOnlyForDeploymentPostprocessing = 0;
		};
		3AAFFFA925B3D2C900D317F3 /* Sources */ = {
			isa = PBXSourcesBuildPhase;
			buildActionMask = 2147483647;
			files = (
				3AAFFFB225B3D2C900D317F3 /* FidelityTests.swift in Sources */,
			);
			runOnlyForDeploymentPostprocessing = 0;
		};
		3AAFFFB425B3D2C900D317F3 /* Sources */ = {
			isa = PBXSourcesBuildPhase;
			buildActionMask = 2147483647;
			files = (
				3AAFFFBD25B3D2C900D317F3 /* FidelityUITests.swift in Sources */,
			);
			runOnlyForDeploymentPostprocessing = 0;
		};
/* End PBXSourcesBuildPhase section */

/* Begin PBXTargetDependency section */
		3AAFFFAF25B3D2C900D317F3 /* PBXTargetDependency */ = {
			isa = PBXTargetDependency;
			target = 3AAFFF9625B3D2C400D317F3 /* Fidelity */;
			targetProxy = 3AAFFFAE25B3D2C900D317F3 /* PBXContainerItemProxy */;
		};
		3AAFFFBA25B3D2C900D317F3 /* PBXTargetDependency */ = {
			isa = PBXTargetDependency;
			target = 3AAFFF9625B3D2C400D317F3 /* Fidelity */;
			targetProxy = 3AAFFFB925B3D2C900D317F3 /* PBXContainerItemProxy */;
		};
/* End PBXTargetDependency section */

/* Begin PBXVariantGroup section */
		3AAFFFA025B3D2C400D317F3 /* Main.storyboard */ = {
			isa = PBXVariantGroup;
			children = (
				3AAFFFA125B3D2C400D317F3 /* Base */,
			);
			name = Main.storyboard;
			sourceTree = "<group>";
		};
		3AAFFFA525B3D2C900D317F3 /* LaunchScreen.storyboard */ = {
			isa = PBXVariantGroup;
			children = (
				3AAFFFA625B3D2C900D317F3 /* Base */,
			);
			name = LaunchScreen.storyboard;
			sourceTree = "<group>";
		};
/* End PBXVariantGroup section */

/* Begin XCBuildConfiguration section */
		3AAFFFBF25B3D2C900D317F3 /* Debug */ = {
			isa = XCBuildConfiguration;
			buildSettings = {
				ALWAYS_SEARCH_USER_PATHS = NO;
				CLANG_ANALYZER_NONNULL = YES;
				CLANG_ANALYZER_NUMBER_OBJECT_CONVERSION = YES_AGGRESSIVE;
				CLANG_CXX_LANGUAGE_STANDARD = "gnu++14";
				CLANG_CXX_LIBRARY = "libc++";
				CLANG_ENABLE_MODULES = YES;
				CLANG_ENABLE_OBJC_ARC = YES;
				CLANG_ENABLE_OBJC_WEAK = YES;
				CLANG_WARN_BLOCK_CAPTURE_AUTORELEASING = YES;
				CLANG_WARN_BOOL_CONVERSION = YES;
				CLANG_WARN_COMMA = YES;
				CLANG_WARN_CONSTANT_CONVERSION = YES;
				CLANG_WARN_DEPRECATED_OBJC_IMPLEMENTATIONS = YES;
				CLANG_WARN_DIRECT_OBJC_ISA_USAGE = YES_ERROR;
				CLANG_WARN_DOCUMENTATION_COMMENTS = YES;
				CLANG_WARN_EMPTY_BODY = YES;
				CLANG_WARN_ENUM_CONVERSION = YES;
				CLANG_WARN_INFINITE_RECURSION = YES;
				CLANG_WARN_INT_CONVERSION = YES;
				CLANG_WARN_NON_LITERAL_NULL_CONVERSION = YES;
				CLANG_WARN_OBJC_IMPLICIT_RETAIN_SELF = YES;
				CLANG_WARN_OBJC_LITERAL_CONVERSION = YES;
				CLANG_WARN_OBJC_ROOT_CLASS = YES_ERROR;
				CLANG_WARN_QUOTED_INCLUDE_IN_FRAMEWORK_HEADER = YES;
				CLANG_WARN_RANGE_LOOP_ANALYSIS = YES;
				CLANG_WARN_STRICT_PROTOTYPES = YES;
				CLANG_WARN_SUSPICIOUS_MOVE = YES;
				CLANG_WARN_UNGUARDED_AVAILABILITY = YES_AGGRESSIVE;
				CLANG_WARN_UNREACHABLE_CODE = YES;
				CLANG_WARN__DUPLICATE_METHOD_MATCH = YES;
				COPY_PHASE_STRIP = NO;
				DEBUG_INFORMATION_FORMAT = dwarf;
				ENABLE_STRICT_OBJC_MSGSEND = YES;
				ENABLE_TESTABILITY = YES;
				GCC_C_LANGUAGE_STANDARD = gnu11;
				GCC_DYNAMIC_NO_PIC = NO;
				GCC_NO_COMMON_BLOCKS = YES;
				GCC_OPTIMIZATION_LEVEL = 0;
				GCC_PREPROCESSOR_DEFINITIONS = (
					"DEBUG=1",
					"$(inherited)",
				);
				GCC_WARN_64_TO_32_BIT_CONVERSION = YES;
				GCC_WARN_ABOUT_RETURN_TYPE = YES_ERROR;
				GCC_WARN_UNDECLARED_SELECTOR = YES;
				GCC_WARN_UNINITIALIZED_AUTOS = YES_AGGRESSIVE;
				GCC_WARN_UNUSED_FUNCTION = YES;
				GCC_WARN_UNUSED_VARIABLE = YES;
				IPHONEOS_DEPLOYMENT_TARGET = 14.3;
				MTL_ENABLE_DEBUG_INFO = INCLUDE_SOURCE;
				MTL_FAST_MATH = YES;
				ONLY_ACTIVE_ARCH = YES;
				SDKROOT = iphoneos;
				SWIFT_ACTIVE_COMPILATION_CONDITIONS = DEBUG;
				SWIFT_OPTIMIZATION_LEVEL = "-Onone";
			};
			name = Debug;
		};
		3AAFFFC025B3D2C900D317F3 /* Release */ = {
			isa = XCBuildConfiguration;
			buildSettings = {
				ALWAYS_SEARCH_USER_PATHS = NO;
				CLANG_ANALYZER_NONNULL = YES;
				CLANG_ANALYZER_NUMBER_OBJECT_CONVERSION = YES_AGGRESSIVE;
				CLANG_CXX_LANGUAGE_STANDARD = "gnu++14";
				CLANG_CXX_LIBRARY = "libc++";
				CLANG_ENABLE_MODULES = YES;
				CLANG_ENABLE_OBJC_ARC = YES;
				CLANG_ENABLE_OBJC_WEAK = YES;
				CLANG_WARN_BLOCK_CAPTURE_AUTORELEASING = YES;
				CLANG_WARN_BOOL_CONVERSION = YES;
				CLANG_WARN_COMMA = YES;
				CLANG_WARN_CONSTANT_CONVERSION = YES;
				CLANG_WARN_DEPRECATED_OBJC_IMPLEMENTATIONS = YES;
				CLANG_WARN_DIRECT_OBJC_ISA_USAGE = YES_ERROR;
				CLANG_WARN_DOCUMENTATION_COMMENTS = YES;
				CLANG_WARN_EMPTY_BODY = YES;
				CLANG_WARN_ENUM_CONVERSION = YES;
				CLANG_WARN_INFINITE_RECURSION = YES;
				CLANG_WARN_INT_CONVERSION = YES;
				CLANG_WARN_NON_LITERAL_NULL_CONVERSION = YES;
				CLANG_WARN_OBJC_IMPLICIT_RETAIN_SELF = YES;
				CLANG_WARN_OBJC_LITERAL_CONVERSION = YES;
				CLANG_WARN_OBJC_ROOT_CLASS = YES_ERROR;
				CLANG_WARN_QUOTED_INCLUDE_IN_FRAMEWORK_HEADER = YES;
				CLANG_WARN_RANGE_LOOP_ANALYSIS = YES;
				CLANG_WARN_STRICT_PROTOTYPES = YES;
				CLANG_WARN_SUSPICIOUS_MOVE = YES;
				CLANG_WARN_UNGUARDED_AVAILABILITY = YES_AGGRESSIVE;
				CLANG_WARN_UNREACHABLE_CODE = YES;
				CLANG_WARN__DUPLICATE_METHOD_MATCH = YES;
				COPY_PHASE_STRIP = NO;
				DEBUG_INFORMATION_FORMAT = "dwarf-with-dsym";
				ENABLE_NS_ASSERTIONS = NO;
				ENABLE_STRICT_OBJC_MSGSEND = YES;
				GCC_C_LANGUAGE_STANDARD = gnu11;
				GCC_NO_COMMON_BLOCKS = YES;
				GCC_WARN_64_TO_32_BIT_CONVERSION = YES;
				GCC_WARN_ABOUT_RETURN_TYPE = YES_ERROR;
				GCC_WARN_UNDECLARED_SELECTOR = YES;
				GCC_WARN_UNINITIALIZED_AUTOS = YES_AGGRESSIVE;
				GCC_WARN_UNUSED_FUNCTION = YES;
				GCC_WARN_UNUSED_VARIABLE = YES;
				IPHONEOS_DEPLOYMENT_TARGET = 14.3;
				MTL_ENABLE_DEBUG_INFO = NO;
				MTL_FAST_MATH = YES;
				SDKROOT = iphoneos;
				SWIFT_COMPILATION_MODE = wholemodule;
				SWIFT_OPTIMIZATION_LEVEL = "-O";
				VALIDATE_PRODUCT = YES;
			};
			name = Release;
		};
		3AAFFFC225B3D2C900D317F3 /* Debug */ = {
			isa = XCBuildConfiguration;
			buildSettings = {
				ASSETCATALOG_COMPILER_APPICON_NAME = AppIcon;
				ASSETCATALOG_COMPILER_GLOBAL_ACCENT_COLOR_NAME = AccentColor;
				CODE_SIGN_STYLE = Automatic;
				INFOPLIST_FILE = Fidelity/Info.plist;
				LD_RUNPATH_SEARCH_PATHS = (
					"$(inherited)",
					"@executable_path/Frameworks",
				);
				PRODUCT_BUNDLE_IDENTIFIER = com.uncc.Fidelity;
				PRODUCT_NAME = "$(TARGET_NAME)";
				SWIFT_VERSION = 5.0;
				TARGETED_DEVICE_FAMILY = "1,2";
			};
			name = Debug;
		};
		3AAFFFC325B3D2C900D317F3 /* Release */ = {
			isa = XCBuildConfiguration;
			buildSettings = {
				ASSETCATALOG_COMPILER_APPICON_NAME = AppIcon;
				ASSETCATALOG_COMPILER_GLOBAL_ACCENT_COLOR_NAME = AccentColor;
				CODE_SIGN_STYLE = Automatic;
				INFOPLIST_FILE = Fidelity/Info.plist;
				LD_RUNPATH_SEARCH_PATHS = (
					"$(inherited)",
					"@executable_path/Frameworks",
				);
				PRODUCT_BUNDLE_IDENTIFIER = com.uncc.Fidelity;
				PRODUCT_NAME = "$(TARGET_NAME)";
				SWIFT_VERSION = 5.0;
				TARGETED_DEVICE_FAMILY = "1,2";
			};
			name = Release;
		};
		3AAFFFC525B3D2C900D317F3 /* Debug */ = {
			isa = XCBuildConfiguration;
			buildSettings = {
				ALWAYS_EMBED_SWIFT_STANDARD_LIBRARIES = YES;
				BUNDLE_LOADER = "$(TEST_HOST)";
				CODE_SIGN_STYLE = Automatic;
				INFOPLIST_FILE = FidelityTests/Info.plist;
				IPHONEOS_DEPLOYMENT_TARGET = 14.3;
				LD_RUNPATH_SEARCH_PATHS = (
					"$(inherited)",
					"@executable_path/Frameworks",
					"@loader_path/Frameworks",
				);
				PRODUCT_BUNDLE_IDENTIFIER = com.uncc.FidelityTests;
				PRODUCT_NAME = "$(TARGET_NAME)";
				SWIFT_VERSION = 5.0;
				TARGETED_DEVICE_FAMILY = "1,2";
				TEST_HOST = "$(BUILT_PRODUCTS_DIR)/Fidelity.app/Fidelity";
			};
			name = Debug;
		};
		3AAFFFC625B3D2C900D317F3 /* Release */ = {
			isa = XCBuildConfiguration;
			buildSettings = {
				ALWAYS_EMBED_SWIFT_STANDARD_LIBRARIES = YES;
				BUNDLE_LOADER = "$(TEST_HOST)";
				CODE_SIGN_STYLE = Automatic;
				INFOPLIST_FILE = FidelityTests/Info.plist;
				IPHONEOS_DEPLOYMENT_TARGET = 14.3;
				LD_RUNPATH_SEARCH_PATHS = (
					"$(inherited)",
					"@executable_path/Frameworks",
					"@loader_path/Frameworks",
				);
				PRODUCT_BUNDLE_IDENTIFIER = com.uncc.FidelityTests;
				PRODUCT_NAME = "$(TARGET_NAME)";
				SWIFT_VERSION = 5.0;
				TARGETED_DEVICE_FAMILY = "1,2";
				TEST_HOST = "$(BUILT_PRODUCTS_DIR)/Fidelity.app/Fidelity";
			};
			name = Release;
		};
		3AAFFFC825B3D2C900D317F3 /* Debug */ = {
			isa = XCBuildConfiguration;
			buildSettings = {
				ALWAYS_EMBED_SWIFT_STANDARD_LIBRARIES = YES;
				CODE_SIGN_STYLE = Automatic;
				INFOPLIST_FILE = FidelityUITests/Info.plist;
				LD_RUNPATH_SEARCH_PATHS = (
					"$(inherited)",
					"@executable_path/Frameworks",
					"@loader_path/Frameworks",
				);
				PRODUCT_BUNDLE_IDENTIFIER = com.uncc.FidelityUITests;
				PRODUCT_NAME = "$(TARGET_NAME)";
				SWIFT_VERSION = 5.0;
				TARGETED_DEVICE_FAMILY = "1,2";
				TEST_TARGET_NAME = Fidelity;
			};
			name = Debug;
		};
		3AAFFFC925B3D2C900D317F3 /* Release */ = {
			isa = XCBuildConfiguration;
			buildSettings = {
				ALWAYS_EMBED_SWIFT_STANDARD_LIBRARIES = YES;
				CODE_SIGN_STYLE = Automatic;
				INFOPLIST_FILE = FidelityUITests/Info.plist;
				LD_RUNPATH_SEARCH_PATHS = (
					"$(inherited)",
					"@executable_path/Frameworks",
					"@loader_path/Frameworks",
				);
				PRODUCT_BUNDLE_IDENTIFIER = com.uncc.FidelityUITests;
				PRODUCT_NAME = "$(TARGET_NAME)";
				SWIFT_VERSION = 5.0;
				TARGETED_DEVICE_FAMILY = "1,2";
				TEST_TARGET_NAME = Fidelity;
			};
			name = Release;
		};
/* End XCBuildConfiguration section */

/* Begin XCConfigurationList section */
		3AAFFF9225B3D2C400D317F3 /* Build configuration list for PBXProject "Fidelity" */ = {
			isa = XCConfigurationList;
			buildConfigurations = (
				3AAFFFBF25B3D2C900D317F3 /* Debug */,
				3AAFFFC025B3D2C900D317F3 /* Release */,
			);
			defaultConfigurationIsVisible = 0;
			defaultConfigurationName = Release;
		};
		3AAFFFC125B3D2C900D317F3 /* Build configuration list for PBXNativeTarget "Fidelity" */ = {
			isa = XCConfigurationList;
			buildConfigurations = (
				3AAFFFC225B3D2C900D317F3 /* Debug */,
				3AAFFFC325B3D2C900D317F3 /* Release */,
			);
			defaultConfigurationIsVisible = 0;
			defaultConfigurationName = Release;
		};
		3AAFFFC425B3D2C900D317F3 /* Build configuration list for PBXNativeTarget "FidelityTests" */ = {
			isa = XCConfigurationList;
			buildConfigurations = (
				3AAFFFC525B3D2C900D317F3 /* Debug */,
				3AAFFFC625B3D2C900D317F3 /* Release */,
			);
			defaultConfigurationIsVisible = 0;
			defaultConfigurationName = Release;
		};
		3AAFFFC725B3D2C900D317F3 /* Build configuration list for PBXNativeTarget "FidelityUITests" */ = {
			isa = XCConfigurationList;
			buildConfigurations = (
				3AAFFFC825B3D2C900D317F3 /* Debug */,
				3AAFFFC925B3D2C900D317F3 /* Release */,
			);
			defaultConfigurationIsVisible = 0;
			defaultConfigurationName = Release;
		};
/* End XCConfigurationList section */
	};
	rootObject = 3AAFFF8F25B3D2C400D317F3 /* Project object */;
}
